{
    "version": 3,
    "terraform_version": "0.8.1",
    "serial": 0,
    "lineage": "b5d8e24d-b35e-4449-b1ad-92835d06cd10",
    "modules": [
        {
            "path": [
                "root"
            ],
            "outputs": {
                "launch_configuration": {
                    "sensitive": false,
                    "type": "string",
                    "value": "terraform-example-lc"
                },
                "security_group": {
                    "sensitive": false,
                    "type": "string",
                    "value": "sg-3da5ed41"
                }
            },
            "resources": {
                "aws_launch_configuration.web-lc": {
                    "type": "aws_launch_configuration",
                    "depends_on": [
                        "aws_security_group.default"
                    ],
                    "primary": {
                        "id": "terraform-example-lc",
                        "attributes": {
                            "associate_public_ip_address": "false",
                            "ebs_block_device.#": "0",
                            "ebs_optimized": "false",
                            "enable_monitoring": "true",
                            "ephemeral_block_device.#": "0",
                            "iam_instance_profile": "",
                            "id": "terraform-example-lc",
                            "image_id": "ami-5f709f34",
                            "instance_type": "t2.micro",
                            "key_name": "asotelo",
                            "name": "terraform-example-lc",
                            "root_block_device.#": "0",
                            "security_groups.#": "1",
                            "security_groups.1002618754": "sg-3da5ed41",
                            "spot_price": "",
                            "user_data": "686fdda7fa2fa6636c165e69e100e815b5d77ac4",
                            "vpc_classic_link_id": "",
                            "vpc_classic_link_security_groups.#": "0"
                        },
                        "meta": {},
                        "tainted": false
                    },
                    "deposed": [],
                    "provider": ""
                },
                "aws_security_group.default": {
                    "type": "aws_security_group",
                    "depends_on": [],
                    "primary": {
                        "id": "sg-3da5ed41",
                        "attributes": {
                            "description": "Used in the terraform",
                            "egress.#": "1",
                            "egress.482069346.cidr_blocks.#": "1",
                            "egress.482069346.cidr_blocks.0": "0.0.0.0/0",
                            "egress.482069346.from_port": "0",
                            "egress.482069346.prefix_list_ids.#": "0",
                            "egress.482069346.protocol": "-1",
                            "egress.482069346.security_groups.#": "0",
                            "egress.482069346.self": "false",
                            "egress.482069346.to_port": "0",
                            "id": "sg-3da5ed41",
                            "ingress.#": "2",
                            "ingress.2214680975.cidr_blocks.#": "1",
                            "ingress.2214680975.cidr_blocks.0": "0.0.0.0/0",
                            "ingress.2214680975.from_port": "80",
                            "ingress.2214680975.protocol": "tcp",
                            "ingress.2214680975.security_groups.#": "0",
                            "ingress.2214680975.self": "false",
                            "ingress.2214680975.to_port": "80",
                            "ingress.2541437006.cidr_blocks.#": "1",
                            "ingress.2541437006.cidr_blocks.0": "0.0.0.0/0",
                            "ingress.2541437006.from_port": "22",
                            "ingress.2541437006.protocol": "tcp",
                            "ingress.2541437006.security_groups.#": "0",
                            "ingress.2541437006.self": "false",
                            "ingress.2541437006.to_port": "22",
                            "name": "terraform_example_sg",
                            "owner_id": "433990374274",
                            "tags.%": "0",
                            "vpc_id": "vpc-ed4ed98b"
                        },
                        "meta": {},
                        "tainted": false
                    },
                    "deposed": [],
                    "provider": ""
                }
            },
            "depends_on": []
        }
    ]
}
